
Microsoft Visual Studio Solution File, Format Version 12.00
# Visual Studio Version 17
VisualStudioVersion = 17.10.35004.147
MinimumVisualStudioVersion = 10.0.40219.1
Project("{9A19103F-16F7-4668-BE54-9A1E7A4F7556}") = "ProgressToolkit", "ProgressToolkit\ProgressToolkit.csproj", "{E33B5CE9-C9C2-4773-9EF4-719EE2FBC897}"
EndProject
Project("{FAE04EC0-301F-11D3-BF4B-00C04F79EFBC}") = "ConsoleDemo", "ConsoleDemo\ConsoleDemo.csproj", "{CD619078-2BA9-4CE2-AA2A-28F281CAE8F2}"
EndProject
Project("{FAE04EC0-301F-11D3-BF4B-00C04F79EFBC}") = "ProgressToolkit.Wpf", "ProgressToolkit.Wpf\ProgressToolkit.Wpf.csproj", "{C52D3FA7-4637-4F44-90C8-400F0D25765F}"
EndProject
Global
	GlobalSection(SolutionConfigurationPlatforms) = preSolution
		Debug|Any CPU = Debug|Any CPU
		Release|Any CPU = Release|Any CPU
	EndGlobalSection
	GlobalSection(ProjectConfigurationPlatforms) = postSolution
		{E33B5CE9-C9C2-4773-9EF4-719EE2FBC897}.Debug|Any CPU.ActiveCfg = Debug|Any CPU
		{E33B5CE9-C9C2-4773-9EF4-719EE2FBC897}.Debug|Any CPU.Build.0 = Debug|Any CPU
		{E33B5CE9-C9C2-4773-9EF4-719EE2FBC897}.Release|Any CPU.ActiveCfg = Release|Any CPU
		{E33B5CE9-C9C2-4773-9EF4-719EE2FBC897}.Release|Any CPU.Build.0 = Release|Any CPU
		{CD619078-2BA9-4CE2-AA2A-28F281CAE8F2}.Debug|Any CPU.ActiveCfg = Debug|Any CPU
		{CD619078-2BA9-4CE2-AA2A-28F281CAE8F2}.Debug|Any CPU.Build.0 = Debug|Any CPU
		{CD619078-2BA9-4CE2-AA2A-28F281CAE8F2}.Release|Any CPU.ActiveCfg = Release|Any CPU
		{CD619078-2BA9-4CE2-AA2A-28F281CAE8F2}.Release|Any CPU.Build.0 = Release|Any CPU
		{C52D3FA7-4637-4F44-90C8-400F0D25765F}.Debug|Any CPU.ActiveCfg = Debug|Any CPU
		{C52D3FA7-4637-4F44-90C8-400F0D25765F}.Debug|Any CPU.Build.0 = Debug|Any CPU
		{C52D3FA7-4637-4F44-90C8-400F0D25765F}.Release|Any CPU.ActiveCfg = Release|Any CPU
		{C52D3FA7-4637-4F44-90C8-400F0D25765F}.Release|Any CPU.Build.0 = Release|Any CPU
	EndGlobalSection
	GlobalSection(SolutionProperties) = preSolution
		HideSolutionNode = FALSE
	EndGlobalSection
	GlobalSection(ExtensibilityGlobals) = postSolution
		SolutionGuid = {56D0A6AA-416C-42DA-A727-3B062EBBD436}
	EndGlobalSection
EndGlobal
